
Microsoft Visual Studio Solution File, Format Version 12.00
# Visual Studio 14
VisualStudioVersion = 14.0.25123.0
MinimumVisualStudioVersion = 10.0.40219.1
Project("{8BC9CEB8-8B4A-11D0-8D11-00A0C91BC942}") = "ogn-cpplib", "ogn-cpplib.vcxproj", "{6B0F129B-D215-4AF6-AF67-880AF33C3820}"
EndProject
Project("{8BC9CEB8-8B4A-11D0-8D11-00A0C91BC942}") = "OGN-Test", "OGN-Test\OGN-Test.vcxproj", "{18F7C88B-957D-4A9F-AD55-B9ED46AED5FC}"
EndProject
Project("{8BC9CEB8-8B4A-11D0-8D11-00A0C91BC942}") = "Audio-Test", "Audio-Test\Audio-Test.vcxproj", "{6C53AB40-0AFE-4EE7-BD55-77EDCDD28355}"
EndProject
Project("{8BC9CEB8-8B4A-11D0-8D11-00A0C91BC942}") = "Syslogger-Test", "Syslogger-Test\Syslogger-Test.vcxproj", "{9729D7A4-C7D0-4797-94E6-7D5CC20CF692}"
EndProject
Project("{8BC9CEB8-8B4A-11D0-8D11-00A0C91BC942}") = "Util-Test", "Util-Test\Util-Test.vcxproj", "{4A80F316-A043-4A98-B2FD-D48355E2575F}"
EndProject
Project("{8BC9CEB8-8B4A-11D0-8D11-00A0C91BC942}") = "Registry-Test", "Registry-Test\Registry-Test.vcxproj", "{58A8B293-1CD7-4C6A-9C19-4091C4CAE487}"
EndProject
Global
	GlobalSection(SolutionConfigurationPlatforms) = preSolution
		Debug|x86 = Debug|x86
		Release|x86 = Release|x86
	EndGlobalSection
	GlobalSection(ProjectConfigurationPlatforms) = postSolution
		{6B0F129B-D215-4AF6-AF67-880AF33C3820}.Debug|x86.ActiveCfg = Debug|Win32
		{6B0F129B-D215-4AF6-AF67-880AF33C3820}.Debug|x86.Build.0 = Debug|Win32
		{6B0F129B-D215-4AF6-AF67-880AF33C3820}.Release|x86.ActiveCfg = Release|Win32
		{6B0F129B-D215-4AF6-AF67-880AF33C3820}.Release|x86.Build.0 = Release|Win32
		{18F7C88B-957D-4A9F-AD55-B9ED46AED5FC}.Debug|x86.ActiveCfg = Debug|Win32
		{18F7C88B-957D-4A9F-AD55-B9ED46AED5FC}.Debug|x86.Build.0 = Debug|Win32
		{18F7C88B-957D-4A9F-AD55-B9ED46AED5FC}.Release|x86.ActiveCfg = Release|Win32
		{18F7C88B-957D-4A9F-AD55-B9ED46AED5FC}.Release|x86.Build.0 = Release|Win32
		{6C53AB40-0AFE-4EE7-BD55-77EDCDD28355}.Debug|x86.ActiveCfg = Debug|Win32
		{6C53AB40-0AFE-4EE7-BD55-77EDCDD28355}.Debug|x86.Build.0 = Debug|Win32
		{6C53AB40-0AFE-4EE7-BD55-77EDCDD28355}.Release|x86.ActiveCfg = Release|Win32
		{6C53AB40-0AFE-4EE7-BD55-77EDCDD28355}.Release|x86.Build.0 = Release|Win32
		{9729D7A4-C7D0-4797-94E6-7D5CC20CF692}.Debug|x86.ActiveCfg = Debug|Win32
		{9729D7A4-C7D0-4797-94E6-7D5CC20CF692}.Debug|x86.Build.0 = Debug|Win32
		{9729D7A4-C7D0-4797-94E6-7D5CC20CF692}.Release|x86.ActiveCfg = Release|Win32
		{9729D7A4-C7D0-4797-94E6-7D5CC20CF692}.Release|x86.Build.0 = Release|Win32
		{4A80F316-A043-4A98-B2FD-D48355E2575F}.Debug|x86.ActiveCfg = Debug|Win32
		{4A80F316-A043-4A98-B2FD-D48355E2575F}.Debug|x86.Build.0 = Debug|Win32
		{4A80F316-A043-4A98-B2FD-D48355E2575F}.Release|x86.ActiveCfg = Release|Win32
		{4A80F316-A043-4A98-B2FD-D48355E2575F}.Release|x86.Build.0 = Release|Win32
		{58A8B293-1CD7-4C6A-9C19-4091C4CAE487}.Debug|x86.ActiveCfg = Debug|Win32
		{58A8B293-1CD7-4C6A-9C19-4091C4CAE487}.Debug|x86.Build.0 = Debug|Win32
		{58A8B293-1CD7-4C6A-9C19-4091C4CAE487}.Release|x86.ActiveCfg = Release|Win32
		{58A8B293-1CD7-4C6A-9C19-4091C4CAE487}.Release|x86.Build.0 = Release|Win32
	EndGlobalSection
	GlobalSection(SolutionProperties) = preSolution
		HideSolutionNode = FALSE
	EndGlobalSection
EndGlobal
