<?xml version="1.0" encoding="utf-8"?>
<Project ToolsVersion="4.0" xmlns="http://schemas.microsoft.com/developer/msbuild/2003">
  <ItemGroup>
    <Filter Include="Source Files">
      <UniqueIdentifier>{6b4a5301-3be4-4964-8335-edd59b8cf153}</UniqueIdentifier>
      <Extensions>cpp;c;cc;cxx;def;odl;idl;hpj;bat;asm;asmx</Extensions>
    </Filter>
    <Filter Include="Header Files">
      <UniqueIdentifier>{fa014e6f-9ff3-4ca9-b1c6-7f481a1cad9f}</UniqueIdentifier>
      <Extensions>h;hh;hpp;hxx;hm;inl;inc;xsd</Extensions>
    </Filter>
    <Filter Include="Resource Files">
      <UniqueIdentifier>{08cb923a-f3ff-4b3c-9c81-2db6978616b3}</UniqueIdentifier>
      <Extensions>rc;ico;cur;bmp;dlg;rc2;rct;bin;rgs;gif;jpg;jpeg;jpe;resx;tiff;tif;png;wav;mfcribbon-ms</Extensions>
    </Filter>
  </ItemGroup>
  <ItemGroup>
    <ClCompile Include="..\src\audio.cpp">
      <Filter>Source Files</Filter>
    </ClCompile>
    <ClCompile Include="..\src\sys\file.cpp">
      <Filter>Source Files</Filter>
    </ClCompile>
    <ClCompile Include="..\src\sys\logger.cpp">
      <Filter>Source Files</Filter>
    </ClCompile>
    <ClCompile Include="..\src\sys\server.cpp">
      <Filter>Source Files</Filter>
    </ClCompile>
    <ClCompile Include="..\src\sys\syslogger.cpp">
      <Filter>Source Files</Filter>
    </ClCompile>
    <ClCompile Include="..\src\sys\util.cpp">
      <Filter>Source Files</Filter>
    </ClCompile>
    <ClCompile Include="..\src\windows\realtime.cpp">
      <Filter>Source Files</Filter>
    </ClCompile>
    <ClCompile Include="..\src\windows\serial.cpp">
      <Filter>Source Files</Filter>
    </ClCompile>
    <ClCompile Include="..\src\windows\wrappers.cpp">
      <Filter>Source Files</Filter>
    </ClCompile>
    <ClCompile Include="..\src\windows\wrappers_special.cpp">
      <Filter>Source Files</Filter>
    </ClCompile>
    <ClCompile Include="..\src\blowfish.cpp">
      <Filter>Source Files</Filter>
    </ClCompile>
    <ClCompile Include="..\src\cgi.cpp">
      <Filter>Source Files</Filter>
    </ClCompile>
    <ClCompile Include="..\src\command_line.cpp">
      <Filter>Source Files</Filter>
    </ClCompile>
    <ClCompile Include="..\src\dispatch.cpp">
      <Filter>Source Files</Filter>
    </ClCompile>
    <ClCompile Include="..\src\geodb.cpp">
      <Filter>Source Files</Filter>
    </ClCompile>
    <ClCompile Include="..\src\geometry.cpp">
      <Filter>Source Files</Filter>
    </ClCompile>
    <ClCompile Include="..\src\gnss.cpp">
      <Filter>Source Files</Filter>
    </ClCompile>
    <ClCompile Include="..\src\http.cpp">
      <Filter>Source Files</Filter>
    </ClCompile>
    <ClCompile Include="..\src\igc.cpp">
      <Filter>Source Files</Filter>
    </ClCompile>
    <ClCompile Include="..\src\interpolation.cpp">
      <Filter>Source Files</Filter>
    </ClCompile>
    <ClCompile Include="..\src\map.cpp">
      <Filter>Source Files</Filter>
    </ClCompile>
    <ClCompile Include="..\src\math-util.cpp">
      <Filter>Source Files</Filter>
    </ClCompile>
    <ClCompile Include="..\src\matrix-io.cpp">
      <Filter>Source Files</Filter>
    </ClCompile>
    <ClCompile Include="..\src\network.cpp">
      <Filter>Source Files</Filter>
    </ClCompile>
    <ClCompile Include="..\src\nmea.cpp">
      <Filter>Source Files</Filter>
    </ClCompile>
    <ClCompile Include="..\src\ogn.cpp">
      <Filter>Source Files</Filter>
    </ClCompile>
    <ClCompile Include="..\src\random.cpp">
      <Filter>Source Files</Filter>
    </ClCompile>
    <ClCompile Include="..\src\registry.cpp">
      <Filter>Source Files</Filter>
    </ClCompile>
    <ClCompile Include="..\src\util.cpp">
      <Filter>Source Files</Filter>
    </ClCompile>
    <ClCompile Include="..\src\varlist.cpp">
      <Filter>Source Files</Filter>
    </ClCompile>
    <ClCompile Include="..\src\windows\iso8601.cpp">
      <Filter>Source Files</Filter>
    </ClCompile>
  </ItemGroup>
  <ItemGroup>
    <ClInclude Include="..\include\cpp-lib\array_ops.h">
      <Filter>Header Files</Filter>
    </ClInclude>
    <ClInclude Include="..\include\cpp-lib\assert.h">
      <Filter>Header Files</Filter>
    </ClInclude>
    <ClInclude Include="..\include\cpp-lib\audio.h">
      <Filter>Header Files</Filter>
    </ClInclude>
    <ClInclude Include="..\include\cpp-lib\bg-typedefs.h">
      <Filter>Header Files</Filter>
    </ClInclude>
    <ClInclude Include="..\include\cpp-lib\blowfish.h">
      <Filter>Header Files</Filter>
    </ClInclude>
    <ClInclude Include="..\include\cpp-lib\cgi.h">
      <Filter>Header Files</Filter>
    </ClInclude>
    <ClInclude Include="..\include\cpp-lib\command_line.h">
      <Filter>Header Files</Filter>
    </ClInclude>
    <ClInclude Include="..\include\cpp-lib\container-util.h">
      <Filter>Header Files</Filter>
    </ClInclude>
    <ClInclude Include="..\include\cpp-lib\crypt_stream.h">
      <Filter>Header Files</Filter>
    </ClInclude>
    <ClInclude Include="..\include\cpp-lib\dispatch.h">
      <Filter>Header Files</Filter>
    </ClInclude>
    <ClInclude Include="..\include\cpp-lib\geodb.h">
      <Filter>Header Files</Filter>
    </ClInclude>
    <ClInclude Include="..\include\cpp-lib\geometry.h">
      <Filter>Header Files</Filter>
    </ClInclude>
    <ClInclude Include="..\include\cpp-lib\gnss.h">
      <Filter>Header Files</Filter>
    </ClInclude>
    <ClInclude Include="..\include\cpp-lib\http.h">
      <Filter>Header Files</Filter>
    </ClInclude>
    <ClInclude Include="..\include\cpp-lib\igc.h">
      <Filter>Header Files</Filter>
    </ClInclude>
    <ClInclude Include="..\include\cpp-lib\interpolation.h">
      <Filter>Header Files</Filter>
    </ClInclude>
    <ClInclude Include="..\include\cpp-lib\map.h">
      <Filter>Header Files</Filter>
    </ClInclude>
    <ClInclude Include="..\include\cpp-lib\math-util.h">
      <Filter>Header Files</Filter>
    </ClInclude>
    <ClInclude Include="..\include\cpp-lib\matrix-wrapper.h">
      <Filter>Header Files</Filter>
    </ClInclude>
    <ClInclude Include="..\include\cpp-lib\minimize.h">
      <Filter>Header Files</Filter>
    </ClInclude>
    <ClInclude Include="..\include\cpp-lib\nmea.h">
      <Filter>Header Files</Filter>
    </ClInclude>
    <ClInclude Include="..\include\cpp-lib\ogn.h">
      <Filter>Header Files</Filter>
    </ClInclude>
    <ClInclude Include="..\include\cpp-lib\optimization.h">
      <Filter>Header Files</Filter>
    </ClInclude>
    <ClInclude Include="..\include\cpp-lib\quaternion.h">
      <Filter>Header Files</Filter>
    </ClInclude>
    <ClInclude Include="..\include\cpp-lib\random.h">
      <Filter>Header Files</Filter>
    </ClInclude>
    <ClInclude Include="..\include\cpp-lib\registry.h">
      <Filter>Header Files</Filter>
    </ClInclude>
    <ClInclude Include="..\include\cpp-lib\registry-crypt.h">
      <Filter>Header Files</Filter>
    </ClInclude>
    <ClInclude Include="..\include\cpp-lib\serial.h">
      <Filter>Header Files</Filter>
    </ClInclude>
    <ClInclude Include="..\include\cpp-lib\spatial-index.h">
      <Filter>Header Files</Filter>
    </ClInclude>
    <ClInclude Include="..\include\cpp-lib\top-n.h">
      <Filter>Header Files</Filter>
    </ClInclude>
    <ClInclude Include="..\include\cpp-lib\units.h">
      <Filter>Header Files</Filter>
    </ClInclude>
    <ClInclude Include="..\include\cpp-lib\util.h">
      <Filter>Header Files</Filter>
    </ClInclude>
    <ClInclude Include="..\include\cpp-lib\varlist.h">
      <Filter>Header Files</Filter>
    </ClInclude>
    <ClInclude Include="..\include\cpp-lib\xdr.h">
      <Filter>Header Files</Filter>
    </ClInclude>
    <ClInclude Include="..\include\cpp-lib\windows\net_impl.h">
      <Filter>Header Files</Filter>
    </ClInclude>
    <ClInclude Include="..\include\cpp-lib\windows\realtime.h">
      <Filter>Header Files</Filter>
    </ClInclude>
    <ClInclude Include="..\include\cpp-lib\windows\wrappers.h">
      <Filter>Header Files</Filter>
    </ClInclude>
    <ClInclude Include="..\include\cpp-lib\sys\file.h">
      <Filter>Header Files</Filter>
    </ClInclude>
    <ClInclude Include="..\include\cpp-lib\sys\logger.h">
      <Filter>Header Files</Filter>
    </ClInclude>
    <ClInclude Include="..\include\cpp-lib\sys\network.h">
      <Filter>Header Files</Filter>
    </ClInclude>
    <ClInclude Include="..\include\cpp-lib\sys\realtime.h">
      <Filter>Header Files</Filter>
    </ClInclude>
    <ClInclude Include="..\include\cpp-lib\sys\server.h">
      <Filter>Header Files</Filter>
    </ClInclude>
    <ClInclude Include="..\include\cpp-lib\sys\syslogger.h">
      <Filter>Header Files</Filter>
    </ClInclude>
    <ClInclude Include="..\include\cpp-lib\sys\util.h">
      <Filter>Header Files</Filter>
    </ClInclude>
    <ClInclude Include="..\include\cpp-lib\detail\socket_lowlevel.h">
      <Filter>Header Files</Filter>
    </ClInclude>
    <ClInclude Include="..\include\cpp-lib\windows\iso8601.h">
      <Filter>Header Files</Filter>
    </ClInclude>
  </ItemGroup>
  <ItemGroup>
    <None Include="..\testing\interpolation-test.conf">
      <Filter>Resource Files</Filter>
    </None>
    <None Include="..\testing\logger-test.conf">
      <Filter>Resource Files</Filter>
    </None>
    <None Include="..\testing\registry-test.conf">
      <Filter>Resource Files</Filter>
    </None>
    <None Include="..\testing\registry-test.conf.var">
      <Filter>Resource Files</Filter>
    </None>
    <None Include="..\testing\registry-test.m">
      <Filter>Resource Files</Filter>
    </None>
    <None Include="..\testing\run-all-tests.sh">
      <Filter>Resource Files</Filter>
    </None>
    <None Include="..\testing\run-fast-tests.sh">
      <Filter>Resource Files</Filter>
    </None>
    <None Include="..\testing\scripts\run-all-tests.sh">
      <Filter>Resource Files</Filter>
    </None>
    <None Include="..\testing\scripts\run-annoying-tests.sh">
      <Filter>Resource Files</Filter>
    </None>
    <None Include="..\testing\scripts\run-fast-tests.sh">
      <Filter>Resource Files</Filter>
    </None>
    <None Include="..\testing\scripts\testenv.sh">
      <Filter>Resource Files</Filter>
    </None>
    <None Include="..\prj\def.compiler.clang">
      <Filter>Resource Files</Filter>
    </None>
    <None Include="..\prj\def.compiler.clang-3.6">
      <Filter>Resource Files</Filter>
    </None>
    <None Include="..\prj\def.compiler.gcc-5-macports">
      <Filter>Resource Files</Filter>
    </None>
    <None Include="..\prj\def.compiler.gcc-5-ubuntu-14">
      <Filter>Resource Files</Filter>
    </None>
    <None Include="..\prj\def.compiler.mingw">
      <Filter>Resource Files</Filter>
    </None>
    <None Include="..\prj\def.compiler.mingw-cross">
      <Filter>Resource Files</Filter>
    </None>
    <None Include="..\prj\def.compiler.msvc">
      <Filter>Resource Files</Filter>
    </None>
    <None Include="..\prj\def.compiler.mwcc">
      <Filter>Resource Files</Filter>
    </None>
    <None Include="..\prj\def.configuration">
      <Filter>Resource Files</Filter>
    </None>
    <None Include="..\prj\def.includes">
      <Filter>Resource Files</Filter>
    </None>
    <None Include="..\prj\def.platform.cygwin">
      <Filter>Resource Files</Filter>
    </None>
    <None Include="..\prj\def.platform.darwin">
      <Filter>Resource Files</Filter>
    </None>
    <None Include="..\prj\def.platform.freebsd">
      <Filter>Resource Files</Filter>
    </None>
    <None Include="..\prj\def.platform.linux">
      <Filter>Resource Files</Filter>
    </None>
    <None Include="..\prj\def.platform.linux-clang-libc++">
      <Filter>Resource Files</Filter>
    </None>
    <None Include="..\prj\def.platform.windows_xp">
      <Filter>Resource Files</Filter>
    </None>
    <None Include="..\prj\def.recipes">
      <Filter>Resource Files</Filter>
    </None>
    <None Include="..\prj\Makefile">
      <Filter>Resource Files</Filter>
    </None>
  </ItemGroup>
</Project>